
Microsoft Visual Studio Solution File, Format Version 12.00
# Visual Studio 14
VisualStudioVersion = 14.0.25420.1
MinimumVisualStudioVersion = 10.0.40219.1
Project("{FAE04EC0-301F-11D3-BF4B-00C04F79EFBC}") = "reviews-service", "reviews-service\reviews-service.csproj", "{2D630B80-55D7-4BFE-967D-1E3C23B49378}"
EndProject
Project("{FAE04EC0-301F-11D3-BF4B-00C04F79EFBC}") = "reviews-service.test", "reviews-service.test\reviews-service.test.csproj", "{AD02D7B5-FF12-457A-830D-D821F1C1F1C2}"
EndProject
Global
	GlobalSection(SolutionConfigurationPlatforms) = preSolution
		Debug|Any CPU = Debug|Any CPU
		Release|Any CPU = Release|Any CPU
	EndGlobalSection
	GlobalSection(ProjectConfigurationPlatforms) = postSolution
		{2D630B80-55D7-4BFE-967D-1E3C23B49378}.Debug|Any CPU.ActiveCfg = Debug|Any CPU
		{2D630B80-55D7-4BFE-967D-1E3C23B49378}.Debug|Any CPU.Build.0 = Debug|Any CPU
		{2D630B80-55D7-4BFE-967D-1E3C23B49378}.Release|Any CPU.ActiveCfg = Release|Any CPU
		{2D630B80-55D7-4BFE-967D-1E3C23B49378}.Release|Any CPU.Build.0 = Release|Any CPU
		{AD02D7B5-FF12-457A-830D-D821F1C1F1C2}.Debug|Any CPU.ActiveCfg = Debug|Any CPU
		{AD02D7B5-FF12-457A-830D-D821F1C1F1C2}.Debug|Any CPU.Build.0 = Debug|Any CPU
		{AD02D7B5-FF12-457A-830D-D821F1C1F1C2}.Release|Any CPU.ActiveCfg = Release|Any CPU
		{AD02D7B5-FF12-457A-830D-D821F1C1F1C2}.Release|Any CPU.Build.0 = Release|Any CPU
	EndGlobalSection
	GlobalSection(SolutionProperties) = preSolution
		HideSolutionNode = FALSE
	EndGlobalSection
EndGlobal
